// !$*UTF8*$!
{
	archiveVersion = 1;
	classes = {
	};
	objectVersion = 46;
	objects = {

/* Begin PBXBuildFile section */
		2C1F95641CECC1C6009A385D /* CYMacros.swift in Sources */ = {isa = PBXBuildFile; fileRef = 2C1F95631CECC1C6009A385D /* CYMacros.swift */; };
		2C1F95661CECC302009A385D /* README.md in Sources */ = {isa = PBXBuildFile; fileRef = 2C1F95651CECC302009A385D /* README.md */; };
		2C1F95681CECC367009A385D /* README.md in Sources */ = {isa = PBXBuildFile; fileRef = 2C1F95671CECC367009A385D /* README.md */; };
		2C1F956A1CECC409009A385D /* README.md in Sources */ = {isa = PBXBuildFile; fileRef = 2C1F95691CECC409009A385D /* README.md */; };
		2C1F956C1CECC416009A385D /* README.md in Sources */ = {isa = PBXBuildFile; fileRef = 2C1F956B1CECC416009A385D /* README.md */; };
		2C1F956E1CECC420009A385D /* README.md in Sources */ = {isa = PBXBuildFile; fileRef = 2C1F956D1CECC420009A385D /* README.md */; };
		2C1F95701CECC428009A385D /* README.md in Sources */ = {isa = PBXBuildFile; fileRef = 2C1F956F1CECC428009A385D /* README.md */; };
		2C1F95721CECC431009A385D /* README.md in Sources */ = {isa = PBXBuildFile; fileRef = 2C1F95711CECC431009A385D /* README.md */; };
		2C1F95741CECC621009A385D /* README.md in Sources */ = {isa = PBXBuildFile; fileRef = 2C1F95731CECC621009A385D /* README.md */; };
		2C1F95761CECC62B009A385D /* README.md in Sources */ = {isa = PBXBuildFile; fileRef = 2C1F95751CECC62B009A385D /* README.md */; };
		2C37B4971CD0A7AA00692AC6 /* AppDelegate.swift in Sources */ = {isa = PBXBuildFile; fileRef = 2C37B4961CD0A7AA00692AC6 /* AppDelegate.swift */; };
		2C37B4991CD0A7AA00692AC6 /* ViewController.swift in Sources */ = {isa = PBXBuildFile; fileRef = 2C37B4981CD0A7AA00692AC6 /* ViewController.swift */; };
		2C37B49C1CD0A7AA00692AC6 /* Main.storyboard in Resources */ = {isa = PBXBuildFile; fileRef = 2C37B49A1CD0A7AA00692AC6 /* Main.storyboard */; };
		2C37B49E1CD0A7AA00692AC6 /* Assets.xcassets in Resources */ = {isa = PBXBuildFile; fileRef = 2C37B49D1CD0A7AA00692AC6 /* Assets.xcassets */; };
		2C37B4A11CD0A7AA00692AC6 /* LaunchScreen.storyboard in Resources */ = {isa = PBXBuildFile; fileRef = 2C37B49F1CD0A7AA00692AC6 /* LaunchScreen.storyboard */; };
		2C37B4AC1CD0A7AA00692AC6 /* CYSwiftFrameworkTests.swift in Sources */ = {isa = PBXBuildFile; fileRef = 2C37B4AB1CD0A7AA00692AC6 /* CYSwiftFrameworkTests.swift */; };
		2C37B4B71CD0A7AA00692AC6 /* CYSwiftFrameworkUITests.swift in Sources */ = {isa = PBXBuildFile; fileRef = 2C37B4B61CD0A7AA00692AC6 /* CYSwiftFrameworkUITests.swift */; };
		A0CE2E70B4D3789B3908766C /* Pods.framework in Frameworks */ = {isa = PBXBuildFile; fileRef = 6E0A1249B112B7157844196B /* Pods.framework */; };
		A911F93F1CED6AD2005EB7AE /* CYNavigationController.swift in Sources */ = {isa = PBXBuildFile; fileRef = A911F93E1CED6AD2005EB7AE /* CYNavigationController.swift */; };
		A911F97B1CED6C7D005EB7AE /* String+CY.swift in Sources */ = {isa = PBXBuildFile; fileRef = A911F97A1CED6C7D005EB7AE /* String+CY.swift */; };
		A911F97D1CED6FB8005EB7AE /* UIImage+CY.swift in Sources */ = {isa = PBXBuildFile; fileRef = A911F97C1CED6FB8005EB7AE /* UIImage+CY.swift */; };
		A911F97F1CED7298005EB7AE /* CYConfig.swift in Sources */ = {isa = PBXBuildFile; fileRef = A911F97E1CED7298005EB7AE /* CYConfig.swift */; };
		A911F9811CED8B51005EB7AE /* UIScrollView+CY.swift in Sources */ = {isa = PBXBuildFile; fileRef = A911F9801CED8B51005EB7AE /* UIScrollView+CY.swift */; };
		A911F9871CEDB3CB005EB7AE /* UIColor+CY.swift in Sources */ = {isa = PBXBuildFile; fileRef = A911F9861CEDB3CB005EB7AE /* UIColor+CY.swift */; };
		A911F98D1CEDC728005EB7AE /* UIView+CY.swift in Sources */ = {isa = PBXBuildFile; fileRef = A911F98C1CEDC728005EB7AE /* UIView+CY.swift */; };
/* End PBXBuildFile section */

/* Begin PBXContainerItemProxy section */
		2C37B4A81CD0A7AA00692AC6 /* PBXContainerItemProxy */ = {
			isa = PBXContainerItemProxy;
			containerPortal = 2C37B48B1CD0A7AA00692AC6 /* Project object */;
			proxyType = 1;
			remoteGlobalIDString = 2C37B4921CD0A7AA00692AC6;
			remoteInfo = CYSwiftFramework;
		};
		2C37B4B31CD0A7AA00692AC6 /* PBXContainerItemProxy */ = {
			isa = PBXContainerItemProxy;
			containerPortal = 2C37B48B1CD0A7AA00692AC6 /* Project object */;
			proxyType = 1;
			remoteGlobalIDString = 2C37B4921CD0A7AA00692AC6;
			remoteInfo = CYSwiftFramework;
		};
/* End PBXContainerItemProxy section */

/* Begin PBXFileReference section */
		2C1F95631CECC1C6009A385D /* CYMacros.swift */ = {isa = PBXFileReference; fileEncoding = 4; lastKnownFileType = sourcecode.swift; path = CYMacros.swift; sourceTree = "<group>"; };
		2C1F95651CECC302009A385D /* README.md */ = {isa = PBXFileReference; fileEncoding = 4; lastKnownFileType = net.daringfireball.markdown; path = README.md; sourceTree = "<group>"; };
		2C1F95671CECC367009A385D /* README.md */ = {isa = PBXFileReference; fileEncoding = 4; lastKnownFileType = net.daringfireball.markdown; path = README.md; sourceTree = "<group>"; };
		2C1F95691CECC409009A385D /* README.md */ = {isa = PBXFileReference; fileEncoding = 4; lastKnownFileType = net.daringfireball.markdown; path = README.md; sourceTree = "<group>"; };
		2C1F956B1CECC416009A385D /* README.md */ = {isa = PBXFileReference; fileEncoding = 4; lastKnownFileType = net.daringfireball.markdown; path = README.md; sourceTree = "<group>"; };
		2C1F956D1CECC420009A385D /* README.md */ = {isa = PBXFileReference; fileEncoding = 4; lastKnownFileType = net.daringfireball.markdown; path = README.md; sourceTree = "<group>"; };
		2C1F956F1CECC428009A385D /* README.md */ = {isa = PBXFileReference; fileEncoding = 4; lastKnownFileType = net.daringfireball.markdown; path = README.md; sourceTree = "<group>"; };
		2C1F95711CECC431009A385D /* README.md */ = {isa = PBXFileReference; fileEncoding = 4; lastKnownFileType = net.daringfireball.markdown; path = README.md; sourceTree = "<group>"; };
		2C1F95731CECC621009A385D /* README.md */ = {isa = PBXFileReference; fileEncoding = 4; lastKnownFileType = net.daringfireball.markdown; path = README.md; sourceTree = "<group>"; };
		2C1F95751CECC62B009A385D /* README.md */ = {isa = PBXFileReference; fileEncoding = 4; lastKnownFileType = net.daringfireball.markdown; path = README.md; sourceTree = "<group>"; };
		2C37B4931CD0A7AA00692AC6 /* CYSwiftFramework.app */ = {isa = PBXFileReference; explicitFileType = wrapper.application; includeInIndex = 0; path = CYSwiftFramework.app; sourceTree = BUILT_PRODUCTS_DIR; };
		2C37B4961CD0A7AA00692AC6 /* AppDelegate.swift */ = {isa = PBXFileReference; lastKnownFileType = sourcecode.swift; path = AppDelegate.swift; sourceTree = "<group>"; };
		2C37B4981CD0A7AA00692AC6 /* ViewController.swift */ = {isa = PBXFileReference; lastKnownFileType = sourcecode.swift; path = ViewController.swift; sourceTree = "<group>"; };
		2C37B49B1CD0A7AA00692AC6 /* Base */ = {isa = PBXFileReference; lastKnownFileType = file.storyboard; name = Base; path = Base.lproj/Main.storyboard; sourceTree = "<group>"; };
		2C37B49D1CD0A7AA00692AC6 /* Assets.xcassets */ = {isa = PBXFileReference; lastKnownFileType = folder.assetcatalog; path = Assets.xcassets; sourceTree = "<group>"; };
		2C37B4A01CD0A7AA00692AC6 /* Base */ = {isa = PBXFileReference; lastKnownFileType = file.storyboard; name = Base; path = Base.lproj/LaunchScreen.storyboard; sourceTree = "<group>"; };
		2C37B4A21CD0A7AA00692AC6 /* Info.plist */ = {isa = PBXFileReference; lastKnownFileType = text.plist.xml; path = Info.plist; sourceTree = "<group>"; };
		2C37B4A71CD0A7AA00692AC6 /* CYSwiftFrameworkTests.xctest */ = {isa = PBXFileReference; explicitFileType = wrapper.cfbundle; includeInIndex = 0; path = CYSwiftFrameworkTests.xctest; sourceTree = BUILT_PRODUCTS_DIR; };
		2C37B4AB1CD0A7AA00692AC6 /* CYSwiftFrameworkTests.swift */ = {isa = PBXFileReference; lastKnownFileType = sourcecode.swift; path = CYSwiftFrameworkTests.swift; sourceTree = "<group>"; };
		2C37B4AD1CD0A7AA00692AC6 /* Info.plist */ = {isa = PBXFileReference; lastKnownFileType = text.plist.xml; path = Info.plist; sourceTree = "<group>"; };
		2C37B4B21CD0A7AA00692AC6 /* CYSwiftFrameworkUITests.xctest */ = {isa = PBXFileReference; explicitFileType = wrapper.cfbundle; includeInIndex = 0; path = CYSwiftFrameworkUITests.xctest; sourceTree = BUILT_PRODUCTS_DIR; };
		2C37B4B61CD0A7AA00692AC6 /* CYSwiftFrameworkUITests.swift */ = {isa = PBXFileReference; lastKnownFileType = sourcecode.swift; path = CYSwiftFrameworkUITests.swift; sourceTree = "<group>"; };
		2C37B4B81CD0A7AA00692AC6 /* Info.plist */ = {isa = PBXFileReference; lastKnownFileType = text.plist.xml; path = Info.plist; sourceTree = "<group>"; };
		33F7EA26DD7B89EAD9978FCB /* Pods.debug.xcconfig */ = {isa = PBXFileReference; includeInIndex = 1; lastKnownFileType = text.xcconfig; name = Pods.debug.xcconfig; path = "Pods/Target Support Files/Pods/Pods.debug.xcconfig"; sourceTree = "<group>"; };
		574541421574BDE5286299D1 /* Pods.release.xcconfig */ = {isa = PBXFileReference; includeInIndex = 1; lastKnownFileType = text.xcconfig; name = Pods.release.xcconfig; path = "Pods/Target Support Files/Pods/Pods.release.xcconfig"; sourceTree = "<group>"; };
		6E0A1249B112B7157844196B /* Pods.framework */ = {isa = PBXFileReference; explicitFileType = wrapper.framework; includeInIndex = 0; path = Pods.framework; sourceTree = BUILT_PRODUCTS_DIR; };
		A911F93E1CED6AD2005EB7AE /* CYNavigationController.swift */ = {isa = PBXFileReference; fileEncoding = 4; lastKnownFileType = sourcecode.swift; path = CYNavigationController.swift; sourceTree = "<group>"; };
		A911F97A1CED6C7D005EB7AE /* String+CY.swift */ = {isa = PBXFileReference; fileEncoding = 4; lastKnownFileType = sourcecode.swift; path = "String+CY.swift"; sourceTree = "<group>"; };
		A911F97C1CED6FB8005EB7AE /* UIImage+CY.swift */ = {isa = PBXFileReference; fileEncoding = 4; lastKnownFileType = sourcecode.swift; path = "UIImage+CY.swift"; sourceTree = "<group>"; };
		A911F97E1CED7298005EB7AE /* CYConfig.swift */ = {isa = PBXFileReference; fileEncoding = 4; lastKnownFileType = sourcecode.swift; path = CYConfig.swift; sourceTree = "<group>"; };
		A911F9801CED8B51005EB7AE /* UIScrollView+CY.swift */ = {isa = PBXFileReference; fileEncoding = 4; lastKnownFileType = sourcecode.swift; path = "UIScrollView+CY.swift"; sourceTree = "<group>"; };
		A911F9861CEDB3CB005EB7AE /* UIColor+CY.swift */ = {isa = PBXFileReference; fileEncoding = 4; lastKnownFileType = sourcecode.swift; path = "UIColor+CY.swift"; sourceTree = "<group>"; };
		A911F98C1CEDC728005EB7AE /* UIView+CY.swift */ = {isa = PBXFileReference; fileEncoding = 4; lastKnownFileType = sourcecode.swift; path = "UIView+CY.swift"; sourceTree = "<group>"; };
/* End PBXFileReference section */

/* Begin PBXFrameworksBuildPhase section */
		2C37B4901CD0A7AA00692AC6 /* Frameworks */ = {
			isa = PBXFrameworksBuildPhase;
			buildActionMask = 2147483647;
			files = (
				A0CE2E70B4D3789B3908766C /* Pods.framework in Frameworks */,
			);
			runOnlyForDeploymentPostprocessing = 0;
		};
		2C37B4A41CD0A7AA00692AC6 /* Frameworks */ = {
			isa = PBXFrameworksBuildPhase;
			buildActionMask = 2147483647;
			files = (
			);
			runOnlyForDeploymentPostprocessing = 0;
		};
		2C37B4AF1CD0A7AA00692AC6 /* Frameworks */ = {
			isa = PBXFrameworksBuildPhase;
			buildActionMask = 2147483647;
			files = (
			);
			runOnlyForDeploymentPostprocessing = 0;
		};
/* End PBXFrameworksBuildPhase section */

/* Begin PBXGroup section */
		2C1F95591CECC12F009A385D /* Utils */ = {
			isa = PBXGroup;
			children = (
				2C1F95631CECC1C6009A385D /* CYMacros.swift */,
				2C1F95611CECC1A1009A385D /* Extension */,
				2C1F95621CECC1A8009A385D /* Services */,
			);
			path = Utils;
			sourceTree = "<group>";
		};
		2C1F955A1CECC135009A385D /* Vendors */ = {
			isa = PBXGroup;
			children = (
				2C1F95711CECC431009A385D /* README.md */,
			);
			path = Vendors;
			sourceTree = "<group>";
		};
		2C1F955B1CECC13B009A385D /* Managers */ = {
			isa = PBXGroup;
			children = (
				2C1F956F1CECC428009A385D /* README.md */,
			);
			path = Managers;
			sourceTree = "<group>";
		};
		2C1F955C1CECC141009A385D /* Storyboards */ = {
			isa = PBXGroup;
			children = (
				2C1F956D1CECC420009A385D /* README.md */,
			);
			path = Storyboards;
			sourceTree = "<group>";
		};
		2C1F955D1CECC147009A385D /* Controller */ = {
			isa = PBXGroup;
			children = (
				A911F93E1CED6AD2005EB7AE /* CYNavigationController.swift */,
				2C1F956B1CECC416009A385D /* README.md */,
			);
			path = Controller;
			sourceTree = "<group>";
		};
		2C1F955E1CECC14D009A385D /* ViewModel */ = {
			isa = PBXGroup;
			children = (
				2C1F95691CECC409009A385D /* README.md */,
			);
			path = ViewModel;
			sourceTree = "<group>";
		};
		2C1F955F1CECC152009A385D /* Model */ = {
			isa = PBXGroup;
			children = (
				2C1F95671CECC367009A385D /* README.md */,
			);
			path = Model;
			sourceTree = "<group>";
		};
		2C1F95601CECC157009A385D /* Configs */ = {
			isa = PBXGroup;
			children = (
				A911F97E1CED7298005EB7AE /* CYConfig.swift */,
				2C1F95651CECC302009A385D /* README.md */,
			);
			path = Configs;
			sourceTree = "<group>";
		};
		2C1F95611CECC1A1009A385D /* Extension */ = {
			isa = PBXGroup;
			children = (
				A911F97A1CED6C7D005EB7AE /* String+CY.swift */,
				A911F9861CEDB3CB005EB7AE /* UIColor+CY.swift */,
				A911F97C1CED6FB8005EB7AE /* UIImage+CY.swift */,
				A911F9801CED8B51005EB7AE /* UIScrollView+CY.swift */,
				A911F98C1CEDC728005EB7AE /* UIView+CY.swift */,
				2C1F95731CECC621009A385D /* README.md */,
			);
			path = Extension;
			sourceTree = "<group>";
		};
		2C1F95621CECC1A8009A385D /* Services */ = {
			isa = PBXGroup;
			children = (
				2C1F95751CECC62B009A385D /* README.md */,
			);
			path = Services;
			sourceTree = "<group>";
		};
		2C37B48A1CD0A7AA00692AC6 = {
			isa = PBXGroup;
			children = (
				2C37B4951CD0A7AA00692AC6 /* CYSwiftFramework */,
				2C37B4AA1CD0A7AA00692AC6 /* CYSwiftFrameworkTests */,
				2C37B4B51CD0A7AA00692AC6 /* CYSwiftFrameworkUITests */,
				2C37B4941CD0A7AA00692AC6 /* Products */,
				749A3A3A66786E4E1EF56EEE /* Pods */,
				64EDB16B7DDCDF0F5A1209E4 /* Frameworks */,
			);
			sourceTree = "<group>";
		};
		2C37B4941CD0A7AA00692AC6 /* Products */ = {
			isa = PBXGroup;
			children = (
				2C37B4931CD0A7AA00692AC6 /* CYSwiftFramework.app */,
				2C37B4A71CD0A7AA00692AC6 /* CYSwiftFrameworkTests.xctest */,
				2C37B4B21CD0A7AA00692AC6 /* CYSwiftFrameworkUITests.xctest */,
			);
			name = Products;
			sourceTree = "<group>";
		};
		2C37B4951CD0A7AA00692AC6 /* CYSwiftFramework */ = {
			isa = PBXGroup;
			children = (
				2C1F95601CECC157009A385D /* Configs */,
				2C1F955F1CECC152009A385D /* Model */,
				2C1F955E1CECC14D009A385D /* ViewModel */,
				2C1F955D1CECC147009A385D /* Controller */,
				2C1F955C1CECC141009A385D /* Storyboards */,
				2C1F955B1CECC13B009A385D /* Managers */,
				2C1F955A1CECC135009A385D /* Vendors */,
				2C1F95591CECC12F009A385D /* Utils */,
				2C37B4961CD0A7AA00692AC6 /* AppDelegate.swift */,
				2C37B4981CD0A7AA00692AC6 /* ViewController.swift */,
				2C37B49A1CD0A7AA00692AC6 /* Main.storyboard */,
				2C37B49D1CD0A7AA00692AC6 /* Assets.xcassets */,
				2C37B49F1CD0A7AA00692AC6 /* LaunchScreen.storyboard */,
				2C37B4A21CD0A7AA00692AC6 /* Info.plist */,
			);
			path = CYSwiftFramework;
			sourceTree = "<group>";
		};
		2C37B4AA1CD0A7AA00692AC6 /* CYSwiftFrameworkTests */ = {
			isa = PBXGroup;
			children = (
				2C37B4AB1CD0A7AA00692AC6 /* CYSwiftFrameworkTests.swift */,
				2C37B4AD1CD0A7AA00692AC6 /* Info.plist */,
			);
			path = CYSwiftFrameworkTests;
			sourceTree = "<group>";
		};
		2C37B4B51CD0A7AA00692AC6 /* CYSwiftFrameworkUITests */ = {
			isa = PBXGroup;
			children = (
				2C37B4B61CD0A7AA00692AC6 /* CYSwiftFrameworkUITests.swift */,
				2C37B4B81CD0A7AA00692AC6 /* Info.plist */,
			);
			path = CYSwiftFrameworkUITests;
			sourceTree = "<group>";
		};
		64EDB16B7DDCDF0F5A1209E4 /* Frameworks */ = {
			isa = PBXGroup;
			children = (
				6E0A1249B112B7157844196B /* Pods.framework */,
			);
			name = Frameworks;
			sourceTree = "<group>";
		};
		749A3A3A66786E4E1EF56EEE /* Pods */ = {
			isa = PBXGroup;
			children = (
				33F7EA26DD7B89EAD9978FCB /* Pods.debug.xcconfig */,
				574541421574BDE5286299D1 /* Pods.release.xcconfig */,
			);
			name = Pods;
			sourceTree = "<group>";
		};
/* End PBXGroup section */

/* Begin PBXNativeTarget section */
		2C37B4921CD0A7AA00692AC6 /* CYSwiftFramework */ = {
			isa = PBXNativeTarget;
			buildConfigurationList = 2C37B4BB1CD0A7AA00692AC6 /* Build configuration list for PBXNativeTarget "CYSwiftFramework" */;
			buildPhases = (
				4C46048F1458D313F523E5CC /* Check Pods Manifest.lock */,
				2C37B48F1CD0A7AA00692AC6 /* Sources */,
				2C37B4901CD0A7AA00692AC6 /* Frameworks */,
				2C37B4911CD0A7AA00692AC6 /* Resources */,
				B9A49C58CEF2AFD4BC4F5B71 /* Embed Pods Frameworks */,
				D7FDBBEA2C1290DC48A24649 /* Copy Pods Resources */,
				2C7276611CD1A63F002F9DB3 /* ShellScript */,
				2CAFA9971CD1A6D700425367 /* ShellScript */,
			);
			buildRules = (
			);
			dependencies = (
			);
			name = CYSwiftFramework;
			productName = CYSwiftFramework;
			productReference = 2C37B4931CD0A7AA00692AC6 /* CYSwiftFramework.app */;
			productType = "com.apple.product-type.application";
		};
		2C37B4A61CD0A7AA00692AC6 /* CYSwiftFrameworkTests */ = {
			isa = PBXNativeTarget;
			buildConfigurationList = 2C37B4BE1CD0A7AA00692AC6 /* Build configuration list for PBXNativeTarget "CYSwiftFrameworkTests" */;
			buildPhases = (
				2C37B4A31CD0A7AA00692AC6 /* Sources */,
				2C37B4A41CD0A7AA00692AC6 /* Frameworks */,
				2C37B4A51CD0A7AA00692AC6 /* Resources */,
			);
			buildRules = (
			);
			dependencies = (
				2C37B4A91CD0A7AA00692AC6 /* PBXTargetDependency */,
			);
			name = CYSwiftFrameworkTests;
			productName = CYSwiftFrameworkTests;
			productReference = 2C37B4A71CD0A7AA00692AC6 /* CYSwiftFrameworkTests.xctest */;
			productType = "com.apple.product-type.bundle.unit-test";
		};
		2C37B4B11CD0A7AA00692AC6 /* CYSwiftFrameworkUITests */ = {
			isa = PBXNativeTarget;
			buildConfigurationList = 2C37B4C11CD0A7AA00692AC6 /* Build configuration list for PBXNativeTarget "CYSwiftFrameworkUITests" */;
			buildPhases = (
				2C37B4AE1CD0A7AA00692AC6 /* Sources */,
				2C37B4AF1CD0A7AA00692AC6 /* Frameworks */,
				2C37B4B01CD0A7AA00692AC6 /* Resources */,
			);
			buildRules = (
			);
			dependencies = (
				2C37B4B41CD0A7AA00692AC6 /* PBXTargetDependency */,
			);
			name = CYSwiftFrameworkUITests;
			productName = CYSwiftFrameworkUITests;
			productReference = 2C37B4B21CD0A7AA00692AC6 /* CYSwiftFrameworkUITests.xctest */;
			productType = "com.apple.product-type.bundle.ui-testing";
		};
/* End PBXNativeTarget section */

/* Begin PBXProject section */
		2C37B48B1CD0A7AA00692AC6 /* Project object */ = {
			isa = PBXProject;
			attributes = {
				LastSwiftUpdateCheck = 0730;
				LastUpgradeCheck = 0730;
				ORGANIZATIONNAME = "Suzhou Coryphaei Information&Technology Co., Ltd";
				TargetAttributes = {
					2C37B4921CD0A7AA00692AC6 = {
						CreatedOnToolsVersion = 7.3;
					};
					2C37B4A61CD0A7AA00692AC6 = {
						CreatedOnToolsVersion = 7.3;
						TestTargetID = 2C37B4921CD0A7AA00692AC6;
					};
					2C37B4B11CD0A7AA00692AC6 = {
						CreatedOnToolsVersion = 7.3;
						TestTargetID = 2C37B4921CD0A7AA00692AC6;
					};
				};
			};
			buildConfigurationList = 2C37B48E1CD0A7AA00692AC6 /* Build configuration list for PBXProject "CYSwiftFramework" */;
			compatibilityVersion = "Xcode 3.2";
			developmentRegion = English;
			hasScannedForEncodings = 0;
			knownRegions = (
				en,
				Base,
			);
			mainGroup = 2C37B48A1CD0A7AA00692AC6;
			productRefGroup = 2C37B4941CD0A7AA00692AC6 /* Products */;
			projectDirPath = "";
			projectRoot = "";
			targets = (
				2C37B4921CD0A7AA00692AC6 /* CYSwiftFramework */,
				2C37B4A61CD0A7AA00692AC6 /* CYSwiftFrameworkTests */,
				2C37B4B11CD0A7AA00692AC6 /* CYSwiftFrameworkUITests */,
			);
		};
/* End PBXProject section */

/* Begin PBXResourcesBuildPhase section */
		2C37B4911CD0A7AA00692AC6 /* Resources */ = {
			isa = PBXResourcesBuildPhase;
			buildActionMask = 2147483647;
			files = (
				2C37B4A11CD0A7AA00692AC6 /* LaunchScreen.storyboard in Resources */,
				2C37B49E1CD0A7AA00692AC6 /* Assets.xcassets in Resources */,
				2C37B49C1CD0A7AA00692AC6 /* Main.storyboard in Resources */,
			);
			runOnlyForDeploymentPostprocessing = 0;
		};
		2C37B4A51CD0A7AA00692AC6 /* Resources */ = {
			isa = PBXResourcesBuildPhase;
			buildActionMask = 2147483647;
			files = (
			);
			runOnlyForDeploymentPostprocessing = 0;
		};
		2C37B4B01CD0A7AA00692AC6 /* Resources */ = {
			isa = PBXResourcesBuildPhase;
			buildActionMask = 2147483647;
			files = (
			);
			runOnlyForDeploymentPostprocessing = 0;
		};
/* End PBXResourcesBuildPhase section */

/* Begin PBXShellScriptBuildPhase section */
		2C7276611CD1A63F002F9DB3 /* ShellScript */ = {
			isa = PBXShellScriptBuildPhase;
			buildActionMask = 2147483647;
			files = (
			);
			inputPaths = (
			);
			outputPaths = (
			);
			runOnlyForDeploymentPostprocessing = 0;
			shellPath = /bin/sh;
			shellScript = "if which swiftlint >/dev/null; then\nswiftlint\nelse\necho \"warning: SwiftLint not installed, download from https://github.com/realm/SwiftLint\"\nfi";
		};
		2CAFA9971CD1A6D700425367 /* ShellScript */ = {
			isa = PBXShellScriptBuildPhase;
			buildActionMask = 2147483647;
			files = (
			);
			inputPaths = (
			);
			outputPaths = (
			);
			runOnlyForDeploymentPostprocessing = 0;
			shellPath = /bin/sh;
			shellScript = "buildNumber=$(/usr/libexec/PlistBuddy -c \"Print CFBundleVersion\" \"$INFOPLIST_FILE\")\nbuildNumber=$(($buildNumber + 1))\n/usr/libexec/PlistBuddy -c \"Set :CFBundleVersion $buildNumber\" \"$INFOPLIST_FILE\"";
		};
		4C46048F1458D313F523E5CC /* Check Pods Manifest.lock */ = {
			isa = PBXShellScriptBuildPhase;
			buildActionMask = 2147483647;
			files = (
			);
			inputPaths = (
			);
			name = "Check Pods Manifest.lock";
			outputPaths = (
			);
			runOnlyForDeploymentPostprocessing = 0;
			shellPath = /bin/sh;
			shellScript = "diff \"${PODS_ROOT}/../Podfile.lock\" \"${PODS_ROOT}/Manifest.lock\" > /dev/null\nif [[ $? != 0 ]] ; then\n    cat << EOM\nerror: The sandbox is not in sync with the Podfile.lock. Run 'pod install' or update your CocoaPods installation.\nEOM\n    exit 1\nfi\n";
			showEnvVarsInLog = 0;
		};
		B9A49C58CEF2AFD4BC4F5B71 /* Embed Pods Frameworks */ = {
			isa = PBXShellScriptBuildPhase;
			buildActionMask = 2147483647;
			files = (
			);
			inputPaths = (
			);
			name = "Embed Pods Frameworks";
			outputPaths = (
			);
			runOnlyForDeploymentPostprocessing = 0;
			shellPath = /bin/sh;
			shellScript = "\"${SRCROOT}/Pods/Target Support Files/Pods/Pods-frameworks.sh\"\n";
			showEnvVarsInLog = 0;
		};
		D7FDBBEA2C1290DC48A24649 /* Copy Pods Resources */ = {
			isa = PBXShellScriptBuildPhase;
			buildActionMask = 2147483647;
			files = (
			);
			inputPaths = (
			);
			name = "Copy Pods Resources";
			outputPaths = (
			);
			runOnlyForDeploymentPostprocessing = 0;
			shellPath = /bin/sh;
			shellScript = "\"${SRCROOT}/Pods/Target Support Files/Pods/Pods-resources.sh\"\n";
			showEnvVarsInLog = 0;
		};
/* End PBXShellScriptBuildPhase section */

/* Begin PBXSourcesBuildPhase section */
		2C37B48F1CD0A7AA00692AC6 /* Sources */ = {
			isa = PBXSourcesBuildPhase;
			buildActionMask = 2147483647;
			files = (
				A911F97B1CED6C7D005EB7AE /* String+CY.swift in Sources */,
				2C1F956A1CECC409009A385D /* README.md in Sources */,
				2C1F95641CECC1C6009A385D /* CYMacros.swift in Sources */,
				2C1F95721CECC431009A385D /* README.md in Sources */,
				2C37B4991CD0A7AA00692AC6 /* ViewController.swift in Sources */,
				2C1F956C1CECC416009A385D /* README.md in Sources */,
				2C1F95681CECC367009A385D /* README.md in Sources */,
				2C1F95761CECC62B009A385D /* README.md in Sources */,
				A911F93F1CED6AD2005EB7AE /* CYNavigationController.swift in Sources */,
				2C1F95661CECC302009A385D /* README.md in Sources */,
				2C1F95701CECC428009A385D /* README.md in Sources */,
				A911F9811CED8B51005EB7AE /* UIScrollView+CY.swift in Sources */,
				A911F97F1CED7298005EB7AE /* CYConfig.swift in Sources */,
				2C1F956E1CECC420009A385D /* README.md in Sources */,
				A911F97D1CED6FB8005EB7AE /* UIImage+CY.swift in Sources */,
				2C1F95741CECC621009A385D /* README.md in Sources */,
				2C37B4971CD0A7AA00692AC6 /* AppDelegate.swift in Sources */,
				A911F98D1CEDC728005EB7AE /* UIView+CY.swift in Sources */,
				A911F9871CEDB3CB005EB7AE /* UIColor+CY.swift in Sources */,
			);
			runOnlyForDeploymentPostprocessing = 0;
		};
		2C37B4A31CD0A7AA00692AC6 /* Sources */ = {
			isa = PBXSourcesBuildPhase;
			buildActionMask = 2147483647;
			files = (
				2C37B4AC1CD0A7AA00692AC6 /* CYSwiftFrameworkTests.swift in Sources */,
			);
			runOnlyForDeploymentPostprocessing = 0;
		};
		2C37B4AE1CD0A7AA00692AC6 /* Sources */ = {
			isa = PBXSourcesBuildPhase;
			buildActionMask = 2147483647;
			files = (
				2C37B4B71CD0A7AA00692AC6 /* CYSwiftFrameworkUITests.swift in Sources */,
			);
			runOnlyForDeploymentPostprocessing = 0;
		};
/* End PBXSourcesBuildPhase section */

/* Begin PBXTargetDependency section */
		2C37B4A91CD0A7AA00692AC6 /* PBXTargetDependency */ = {
			isa = PBXTargetDependency;
			target = 2C37B4921CD0A7AA00692AC6 /* CYSwiftFramework */;
			targetProxy = 2C37B4A81CD0A7AA00692AC6 /* PBXContainerItemProxy */;
		};
		2C37B4B41CD0A7AA00692AC6 /* PBXTargetDependency */ = {
			isa = PBXTargetDependency;
			target = 2C37B4921CD0A7AA00692AC6 /* CYSwiftFramework */;
			targetProxy = 2C37B4B31CD0A7AA00692AC6 /* PBXContainerItemProxy */;
		};
/* End PBXTargetDependency section */

/* Begin PBXVariantGroup section */
		2C37B49A1CD0A7AA00692AC6 /* Main.storyboard */ = {
			isa = PBXVariantGroup;
			children = (
				2C37B49B1CD0A7AA00692AC6 /* Base */,
			);
			name = Main.storyboard;
			sourceTree = "<group>";
		};
		2C37B49F1CD0A7AA00692AC6 /* LaunchScreen.storyboard */ = {
			isa = PBXVariantGroup;
			children = (
				2C37B4A01CD0A7AA00692AC6 /* Base */,
			);
			name = LaunchScreen.storyboard;
			sourceTree = "<group>";
		};
/* End PBXVariantGroup section */

/* Begin XCBuildConfiguration section */
		2C37B4B91CD0A7AA00692AC6 /* Debug */ = {
			isa = XCBuildConfiguration;
			buildSettings = {
				ALWAYS_SEARCH_USER_PATHS = NO;
				CLANG_ANALYZER_NONNULL = YES;
				CLANG_CXX_LANGUAGE_STANDARD = "gnu++0x";
				CLANG_CXX_LIBRARY = "libc++";
				CLANG_ENABLE_MODULES = YES;
				CLANG_ENABLE_OBJC_ARC = YES;
				CLANG_WARN_BOOL_CONVERSION = YES;
				CLANG_WARN_CONSTANT_CONVERSION = YES;
				CLANG_WARN_DIRECT_OBJC_ISA_USAGE = YES_ERROR;
				CLANG_WARN_EMPTY_BODY = YES;
				CLANG_WARN_ENUM_CONVERSION = YES;
				CLANG_WARN_INT_CONVERSION = YES;
				CLANG_WARN_OBJC_ROOT_CLASS = YES_ERROR;
				CLANG_WARN_UNREACHABLE_CODE = YES;
				CLANG_WARN__DUPLICATE_METHOD_MATCH = YES;
				"CODE_SIGN_IDENTITY[sdk=iphoneos*]" = "iPhone Developer";
				COPY_PHASE_STRIP = NO;
				DEBUG_INFORMATION_FORMAT = dwarf;
				ENABLE_STRICT_OBJC_MSGSEND = YES;
				ENABLE_TESTABILITY = YES;
				GCC_C_LANGUAGE_STANDARD = gnu99;
				GCC_DYNAMIC_NO_PIC = NO;
				GCC_NO_COMMON_BLOCKS = YES;
				GCC_OPTIMIZATION_LEVEL = 0;
				GCC_PREPROCESSOR_DEFINITIONS = (
					"DEBUG=1",
					"$(inherited)",
				);
				GCC_WARN_64_TO_32_BIT_CONVERSION = YES;
				GCC_WARN_ABOUT_RETURN_TYPE = YES_ERROR;
				GCC_WARN_UNDECLARED_SELECTOR = YES;
				GCC_WARN_UNINITIALIZED_AUTOS = YES_AGGRESSIVE;
				GCC_WARN_UNUSED_FUNCTION = YES;
				GCC_WARN_UNUSED_VARIABLE = YES;
				IPHONEOS_DEPLOYMENT_TARGET = 9.3;
				MTL_ENABLE_DEBUG_INFO = YES;
				ONLY_ACTIVE_ARCH = YES;
				SDKROOT = iphoneos;
				SWIFT_OPTIMIZATION_LEVEL = "-Onone";
			};
			name = Debug;
		};
		2C37B4BA1CD0A7AA00692AC6 /* Release */ = {
			isa = XCBuildConfiguration;
			buildSettings = {
				ALWAYS_SEARCH_USER_PATHS = NO;
				CLANG_ANALYZER_NONNULL = YES;
				CLANG_CXX_LANGUAGE_STANDARD = "gnu++0x";
				CLANG_CXX_LIBRARY = "libc++";
				CLANG_ENABLE_MODULES = YES;
				CLANG_ENABLE_OBJC_ARC = YES;
				CLANG_WARN_BOOL_CONVERSION = YES;
				CLANG_WARN_CONSTANT_CONVERSION = YES;
				CLANG_WARN_DIRECT_OBJC_ISA_USAGE = YES_ERROR;
				CLANG_WARN_EMPTY_BODY = YES;
				CLANG_WARN_ENUM_CONVERSION = YES;
				CLANG_WARN_INT_CONVERSION = YES;
				CLANG_WARN_OBJC_ROOT_CLASS = YES_ERROR;
				CLANG_WARN_UNREACHABLE_CODE = YES;
				CLANG_WARN__DUPLICATE_METHOD_MATCH = YES;
				"CODE_SIGN_IDENTITY[sdk=iphoneos*]" = "iPhone Developer";
				COPY_PHASE_STRIP = NO;
				DEBUG_INFORMATION_FORMAT = "dwarf-with-dsym";
				ENABLE_NS_ASSERTIONS = NO;
				ENABLE_STRICT_OBJC_MSGSEND = YES;
				GCC_C_LANGUAGE_STANDARD = gnu99;
				GCC_NO_COMMON_BLOCKS = YES;
				GCC_WARN_64_TO_32_BIT_CONVERSION = YES;
				GCC_WARN_ABOUT_RETURN_TYPE = YES_ERROR;
				GCC_WARN_UNDECLARED_SELECTOR = YES;
				GCC_WARN_UNINITIALIZED_AUTOS = YES_AGGRESSIVE;
				GCC_WARN_UNUSED_FUNCTION = YES;
				GCC_WARN_UNUSED_VARIABLE = YES;
				IPHONEOS_DEPLOYMENT_TARGET = 9.3;
				MTL_ENABLE_DEBUG_INFO = NO;
				SDKROOT = iphoneos;
				VALIDATE_PRODUCT = YES;
			};
			name = Release;
		};
		2C37B4BC1CD0A7AA00692AC6 /* Debug */ = {
			isa = XCBuildConfiguration;
			baseConfigurationReference = 33F7EA26DD7B89EAD9978FCB /* Pods.debug.xcconfig */;
			buildSettings = {
				ASSETCATALOG_COMPILER_APPICON_NAME = AppIcon;
				INFOPLIST_FILE = CYSwiftFramework/Info.plist;
				LD_RUNPATH_SEARCH_PATHS = "$(inherited) @executable_path/Frameworks";
				PRODUCT_BUNDLE_IDENTIFIER = com.coryphaei.CYSwiftFramework;
				PRODUCT_NAME = "$(TARGET_NAME)";
			};
			name = Debug;
		};
		2C37B4BD1CD0A7AA00692AC6 /* Release */ = {
			isa = XCBuildConfiguration;
			baseConfigurationReference = 574541421574BDE5286299D1 /* Pods.release.xcconfig */;
			buildSettings = {
				ASSETCATALOG_COMPILER_APPICON_NAME = AppIcon;
				INFOPLIST_FILE = CYSwiftFramework/Info.plist;
				LD_RUNPATH_SEARCH_PATHS = "$(inherited) @executable_path/Frameworks";
				PRODUCT_BUNDLE_IDENTIFIER = com.coryphaei.CYSwiftFramework;
				PRODUCT_NAME = "$(TARGET_NAME)";
			};
			name = Release;
		};
		2C37B4BF1CD0A7AA00692AC6 /* Debug */ = {
			isa = XCBuildConfiguration;
			buildSettings = {
				BUNDLE_LOADER = "$(TEST_HOST)";
				INFOPLIST_FILE = CYSwiftFrameworkTests/Info.plist;
				LD_RUNPATH_SEARCH_PATHS = "$(inherited) @executable_path/Frameworks @loader_path/Frameworks";
				PRODUCT_BUNDLE_IDENTIFIER = com.coryphaei.CYSwiftFrameworkTests;
				PRODUCT_NAME = "$(TARGET_NAME)";
				TEST_HOST = "$(BUILT_PRODUCTS_DIR)/CYSwiftFramework.app/CYSwiftFramework";
			};
			name = Debug;
		};
		2C37B4C01CD0A7AA00692AC6 /* Release */ = {
			isa = XCBuildConfiguration;
			buildSettings = {
				BUNDLE_LOADER = "$(TEST_HOST)";
				INFOPLIST_FILE = CYSwiftFrameworkTests/Info.plist;
				LD_RUNPATH_SEARCH_PATHS = "$(inherited) @executable_path/Frameworks @loader_path/Frameworks";
				PRODUCT_BUNDLE_IDENTIFIER = com.coryphaei.CYSwiftFrameworkTests;
				PRODUCT_NAME = "$(TARGET_NAME)";
				TEST_HOST = "$(BUILT_PRODUCTS_DIR)/CYSwiftFramework.app/CYSwiftFramework";
			};
			name = Release;
		};
		2C37B4C21CD0A7AA00692AC6 /* Debug */ = {
			isa = XCBuildConfiguration;
			buildSettings = {
				INFOPLIST_FILE = CYSwiftFrameworkUITests/Info.plist;
				LD_RUNPATH_SEARCH_PATHS = "$(inherited) @executable_path/Frameworks @loader_path/Frameworks";
				PRODUCT_BUNDLE_IDENTIFIER = com.coryphaei.CYSwiftFrameworkUITests;
				PRODUCT_NAME = "$(TARGET_NAME)";
				TEST_TARGET_NAME = CYSwiftFramework;
			};
			name = Debug;
		};
		2C37B4C31CD0A7AA00692AC6 /* Release */ = {
			isa = XCBuildConfiguration;
			buildSettings = {
				INFOPLIST_FILE = CYSwiftFrameworkUITests/Info.plist;
				LD_RUNPATH_SEARCH_PATHS = "$(inherited) @executable_path/Frameworks @loader_path/Frameworks";
				PRODUCT_BUNDLE_IDENTIFIER = com.coryphaei.CYSwiftFrameworkUITests;
				PRODUCT_NAME = "$(TARGET_NAME)";
				TEST_TARGET_NAME = CYSwiftFramework;
			};
			name = Release;
		};
/* End XCBuildConfiguration section */

/* Begin XCConfigurationList section */
		2C37B48E1CD0A7AA00692AC6 /* Build configuration list for PBXProject "CYSwiftFramework" */ = {
			isa = XCConfigurationList;
			buildConfigurations = (
				2C37B4B91CD0A7AA00692AC6 /* Debug */,
				2C37B4BA1CD0A7AA00692AC6 /* Release */,
			);
			defaultConfigurationIsVisible = 0;
			defaultConfigurationName = Release;
		};
		2C37B4BB1CD0A7AA00692AC6 /* Build configuration list for PBXNativeTarget "CYSwiftFramework" */ = {
			isa = XCConfigurationList;
			buildConfigurations = (
				2C37B4BC1CD0A7AA00692AC6 /* Debug */,
				2C37B4BD1CD0A7AA00692AC6 /* Release */,
			);
			defaultConfigurationIsVisible = 0;
			defaultConfigurationName = Release;
		};
		2C37B4BE1CD0A7AA00692AC6 /* Build configuration list for PBXNativeTarget "CYSwiftFrameworkTests" */ = {
			isa = XCConfigurationList;
			buildConfigurations = (
				2C37B4BF1CD0A7AA00692AC6 /* Debug */,
				2C37B4C01CD0A7AA00692AC6 /* Release */,
			);
			defaultConfigurationIsVisible = 0;
			defaultConfigurationName = Release;
		};
		2C37B4C11CD0A7AA00692AC6 /* Build configuration list for PBXNativeTarget "CYSwiftFrameworkUITests" */ = {
			isa = XCConfigurationList;
			buildConfigurations = (
				2C37B4C21CD0A7AA00692AC6 /* Debug */,
				2C37B4C31CD0A7AA00692AC6 /* Release */,
			);
			defaultConfigurationIsVisible = 0;
			defaultConfigurationName = Release;
		};
/* End XCConfigurationList section */
	};
	rootObject = 2C37B48B1CD0A7AA00692AC6 /* Project object */;
}
